git.quad4.io/Go-Libs/pbt v0.0.0-20260222224506-d027ddfbe012 h1:qrkEopX3N/RD1mNxosBzS/gbb6QsoANY6zhZtKFD2fE=
git.quad4.io/Go-Libs/pbt v0.0.0-20260222224506-d027ddfbe012/go.mod h1:5lGubRvn/S68scD6dHJf64sCzmebWXdeGm00VN4GEOU=
git.quad4.io/Go-Libs/tagparser/v2 v2.1.0 h1:yLqI1BVNiRcEJS+0N9qfH8XnEqaMxS/MSpRvTDQi6J0=
git.quad4.io/Go-Libs/tagparser/v2 v2.1.0/go.mod h1:IfsTO0JfI2wG867Ji8wBpepwvo3KF6QRiBzBPt2NW2k=
