github.com/Quad4-Software/pbt v1.0.1 h1:FbZ/pmT39D28GM2v/6HNb7TAApoeveqgO8yFBsa6ltc=
github.com/Quad4-Software/pbt v1.0.1/go.mod h1:LT0wImA1rUlv1IcuPHf3rrDBa5WwDi5nHAPupxi7a84=
github.com/Quad4-Software/tagparser/v2 v2.2.1 h1:kzqn0lCINb4H3ysLJoCoOE36jEW4OVGGMayTJF/z7MM=
github.com/Quad4-Software/tagparser/v2 v2.2.1/go.mod h1:WbIheb6QbJCsk0E0LcWFfndPs4I+Ws/GPNG21lhE5Kw=
